
Microsoft Visual Studio Solution File, Format Version 12.00
# Visual Studio Version 17
VisualStudioVersion = 17.4.33110.190
MinimumVisualStudioVersion = 10.0.40219.1
Project("{FAE04EC0-301F-11D3-BF4B-00C04F79EFBC}") = "WebApplication2", "WebApplication2\WebApplication2.csproj", "{2741EEC7-637E-4B92-95D4-6C6DEFCDE2AD}"
EndProject
Global
	GlobalSection(SolutionConfigurationPlatforms) = preSolution
		Debug|Any CPU = Debug|Any CPU
		Release|Any CPU = Release|Any CPU
	EndGlobalSection
	GlobalSection(ProjectConfigurationPlatforms) = postSolution
		{2741EEC7-637E-4B92-95D4-6C6DEFCDE2AD}.Debug|Any CPU.ActiveCfg = Debug|Any CPU
		{2741EEC7-637E-4B92-95D4-6C6DEFCDE2AD}.Debug|Any CPU.Build.0 = Debug|Any CPU
		{2741EEC7-637E-4B92-95D4-6C6DEFCDE2AD}.Release|Any CPU.ActiveCfg = Release|Any CPU
		{2741EEC7-637E-4B92-95D4-6C6DEFCDE2AD}.Release|Any CPU.Build.0 = Release|Any CPU
	EndGlobalSection
	GlobalSection(SolutionProperties) = preSolution
		HideSolutionNode = FALSE
	EndGlobalSection
	GlobalSection(ExtensibilityGlobals) = postSolution
		SolutionGuid = {7E8C8EC2-000F-4D0C-8932-F9CB9081310F}
	EndGlobalSection
EndGlobal
